
Microsoft Visual Studio Solution File, Format Version 12.00
# Visual Studio 14
VisualStudioVersion = 14.0.25123.0
MinimumVisualStudioVersion = 10.0.40219.1
Project("{FAE04EC0-301F-11D3-BF4B-00C04F79EFBC}") = "TesteForms.App.Droid", "TesteForms.App\TesteForms.App.Droid\TesteForms.App.Droid.csproj", "{B6F4CBB9-EDDE-4184-AC0D-B5BADDC148DD}"
EndProject
Project("{FAE04EC0-301F-11D3-BF4B-00C04F79EFBC}") = "TesteForms.App.iOS", "TesteForms.App\TesteForms.App.iOS\TesteForms.App.iOS.csproj", "{85A227D2-CCCE-43FD-992C-5636D37AB23E}"
EndProject
Project("{FAE04EC0-301F-11D3-BF4B-00C04F79EFBC}") = "TesteForms.App.WinPhone", "TesteForms.App\TesteForms.App.WinPhone\TesteForms.App.WinPhone.csproj", "{415D4D31-7EC7-44F5-A801-7CCE4299D0BC}"
EndProject
Project("{FAE04EC0-301F-11D3-BF4B-00C04F79EFBC}") = "TesteForms.App.UWP", "TesteForms.App\TesteForms.App.UWP\TesteForms.App.UWP.csproj", "{0622ADDE-BF37-46E4-BCCA-1B269C0DB1FC}"
EndProject
Project("{FAE04EC0-301F-11D3-BF4B-00C04F79EFBC}") = "TesteForms.App.Windows", "TesteForms.App\TesteForms.App.Windows\TesteForms.App.Windows.csproj", "{61884A97-1A2B-40CB-B89E-E67BC56EFBBA}"
EndProject
Project("{D954291E-2A0B-460D-934E-DC6B0785DB48}") = "TesteForms.App", "TesteForms.App\TesteForms.App\TesteForms.App.shproj", "{CA96C735-DCE6-4CC2-8FA7-7F4485EB0FF0}"
EndProject
Global
	GlobalSection(SharedMSBuildProjectFiles) = preSolution
		TesteForms.App\TesteForms.App\TesteForms.App.projitems*{61884a97-1a2b-40cb-b89e-e67bc56efbba}*SharedItemsImports = 4
		TesteForms.App\TesteForms.App\TesteForms.App.projitems*{ca96c735-dce6-4cc2-8fa7-7f4485eb0ff0}*SharedItemsImports = 13
	EndGlobalSection
	GlobalSection(SolutionConfigurationPlatforms) = preSolution
		Ad-Hoc|Any CPU = Ad-Hoc|Any CPU
		Ad-Hoc|ARM = Ad-Hoc|ARM
		Ad-Hoc|iPhone = Ad-Hoc|iPhone
		Ad-Hoc|iPhoneSimulator = Ad-Hoc|iPhoneSimulator
		Ad-Hoc|x64 = Ad-Hoc|x64
		Ad-Hoc|x86 = Ad-Hoc|x86
		AppStore|Any CPU = AppStore|Any CPU
		AppStore|ARM = AppStore|ARM
		AppStore|iPhone = AppStore|iPhone
		AppStore|iPhoneSimulator = AppStore|iPhoneSimulator
		AppStore|x64 = AppStore|x64
		AppStore|x86 = AppStore|x86
		Debug|Any CPU = Debug|Any CPU
		Debug|ARM = Debug|ARM
		Debug|iPhone = Debug|iPhone
		Debug|iPhoneSimulator = Debug|iPhoneSimulator
		Debug|x64 = Debug|x64
		Debug|x86 = Debug|x86
		Release|Any CPU = Release|Any CPU
		Release|ARM = Release|ARM
		Release|iPhone = Release|iPhone
		Release|iPhoneSimulator = Release|iPhoneSimulator
		Release|x64 = Release|x64
		Release|x86 = Release|x86
	EndGlobalSection
	GlobalSection(ProjectConfigurationPlatforms) = postSolution
		{B6F4CBB9-EDDE-4184-AC0D-B5BADDC148DD}.Ad-Hoc|Any CPU.ActiveCfg = Release|Any CPU
		{B6F4CBB9-EDDE-4184-AC0D-B5BADDC148DD}.Ad-Hoc|Any CPU.Build.0 = Release|Any CPU
		{B6F4CBB9-EDDE-4184-AC0D-B5BADDC148DD}.Ad-Hoc|Any CPU.Deploy.0 = Release|Any CPU
		{B6F4CBB9-EDDE-4184-AC0D-B5BADDC148DD}.Ad-Hoc|ARM.ActiveCfg = Release|Any CPU
		{B6F4CBB9-EDDE-4184-AC0D-B5BADDC148DD}.Ad-Hoc|ARM.Build.0 = Release|Any CPU
		{B6F4CBB9-EDDE-4184-AC0D-B5BADDC148DD}.Ad-Hoc|ARM.Deploy.0 = Release|Any CPU
		{B6F4CBB9-EDDE-4184-AC0D-B5BADDC148DD}.Ad-Hoc|iPhone.ActiveCfg = Release|Any CPU
		{B6F4CBB9-EDDE-4184-AC0D-B5BADDC148DD}.Ad-Hoc|iPhone.Build.0 = Release|Any CPU
		{B6F4CBB9-EDDE-4184-AC0D-B5BADDC148DD}.Ad-Hoc|iPhone.Deploy.0 = Release|Any CPU
		{B6F4CBB9-EDDE-4184-AC0D-B5BADDC148DD}.Ad-Hoc|iPhoneSimulator.ActiveCfg = Release|Any CPU
		{B6F4CBB9-EDDE-4184-AC0D-B5BADDC148DD}.Ad-Hoc|iPhoneSimulator.Build.0 = Release|Any CPU
		{B6F4CBB9-EDDE-4184-AC0D-B5BADDC148DD}.Ad-Hoc|iPhoneSimulator.Deploy.0 = Release|Any CPU
		{B6F4CBB9-EDDE-4184-AC0D-B5BADDC148DD}.Ad-Hoc|x64.ActiveCfg = Release|Any CPU
		{B6F4CBB9-EDDE-4184-AC0D-B5BADDC148DD}.Ad-Hoc|x64.Build.0 = Release|Any CPU
		{B6F4CBB9-EDDE-4184-AC0D-B5BADDC148DD}.Ad-Hoc|x64.Deploy.0 = Release|Any CPU
		{B6F4CBB9-EDDE-4184-AC0D-B5BADDC148DD}.Ad-Hoc|x86.ActiveCfg = Release|Any CPU
		{B6F4CBB9-EDDE-4184-AC0D-B5BADDC148DD}.Ad-Hoc|x86.Build.0 = Release|Any CPU
		{B6F4CBB9-EDDE-4184-AC0D-B5BADDC148DD}.Ad-Hoc|x86.Deploy.0 = Release|Any CPU
		{B6F4CBB9-EDDE-4184-AC0D-B5BADDC148DD}.AppStore|Any CPU.ActiveCfg = Release|Any CPU
		{B6F4CBB9-EDDE-4184-AC0D-B5BADDC148DD}.AppStore|Any CPU.Build.0 = Release|Any CPU
		{B6F4CBB9-EDDE-4184-AC0D-B5BADDC148DD}.AppStore|Any CPU.Deploy.0 = Release|Any CPU
		{B6F4CBB9-EDDE-4184-AC0D-B5BADDC148DD}.AppStore|ARM.ActiveCfg = Release|Any CPU
		{B6F4CBB9-EDDE-4184-AC0D-B5BADDC148DD}.AppStore|ARM.Build.0 = Release|Any CPU
		{B6F4CBB9-EDDE-4184-AC0D-B5BADDC148DD}.AppStore|ARM.Deploy.0 = Release|Any CPU
		{B6F4CBB9-EDDE-4184-AC0D-B5BADDC148DD}.AppStore|iPhone.ActiveCfg = Release|Any CPU
		{B6F4CBB9-EDDE-4184-AC0D-B5BADDC148DD}.AppStore|iPhone.Build.0 = Release|Any CPU
		{B6F4CBB9-EDDE-4184-AC0D-B5BADDC148DD}.AppStore|iPhone.Deploy.0 = Release|Any CPU
		{B6F4CBB9-EDDE-4184-AC0D-B5BADDC148DD}.AppStore|iPhoneSimulator.ActiveCfg = Release|Any CPU
		{B6F4CBB9-EDDE-4184-AC0D-B5BADDC148DD}.AppStore|iPhoneSimulator.Build.0 = Release|Any CPU
		{B6F4CBB9-EDDE-4184-AC0D-B5BADDC148DD}.AppStore|iPhoneSimulator.Deploy.0 = Release|Any CPU
		{B6F4CBB9-EDDE-4184-AC0D-B5BADDC148DD}.AppStore|x64.ActiveCfg = Release|Any CPU
		{B6F4CBB9-EDDE-4184-AC0D-B5BADDC148DD}.AppStore|x64.Build.0 = Release|Any CPU
		{B6F4CBB9-EDDE-4184-AC0D-B5BADDC148DD}.AppStore|x64.Deploy.0 = Release|Any CPU
		{B6F4CBB9-EDDE-4184-AC0D-B5BADDC148DD}.AppStore|x86.ActiveCfg = Release|Any CPU
		{B6F4CBB9-EDDE-4184-AC0D-B5BADDC148DD}.AppStore|x86.Build.0 = Release|Any CPU
		{B6F4CBB9-EDDE-4184-AC0D-B5BADDC148DD}.AppStore|x86.Deploy.0 = Release|Any CPU
		{B6F4CBB9-EDDE-4184-AC0D-B5BADDC148DD}.Debug|Any CPU.ActiveCfg = Debug|Any CPU
		{B6F4CBB9-EDDE-4184-AC0D-B5BADDC148DD}.Debug|Any CPU.Build.0 = Debug|Any CPU
		{B6F4CBB9-EDDE-4184-AC0D-B5BADDC148DD}.Debug|Any CPU.Deploy.0 = Debug|Any CPU
		{B6F4CBB9-EDDE-4184-AC0D-B5BADDC148DD}.Debug|ARM.ActiveCfg = Debug|Any CPU
		{B6F4CBB9-EDDE-4184-AC0D-B5BADDC148DD}.Debug|ARM.Build.0 = Debug|Any CPU
		{B6F4CBB9-EDDE-4184-AC0D-B5BADDC148DD}.Debug|ARM.Deploy.0 = Debug|Any CPU
		{B6F4CBB9-EDDE-4184-AC0D-B5BADDC148DD}.Debug|iPhone.ActiveCfg = Debug|Any CPU
		{B6F4CBB9-EDDE-4184-AC0D-B5BADDC148DD}.Debug|iPhone.Build.0 = Debug|Any CPU
		{B6F4CBB9-EDDE-4184-AC0D-B5BADDC148DD}.Debug|iPhone.Deploy.0 = Debug|Any CPU
		{B6F4CBB9-EDDE-4184-AC0D-B5BADDC148DD}.Debug|iPhoneSimulator.ActiveCfg = Debug|Any CPU
		{B6F4CBB9-EDDE-4184-AC0D-B5BADDC148DD}.Debug|iPhoneSimulator.Build.0 = Debug|Any CPU
		{B6F4CBB9-EDDE-4184-AC0D-B5BADDC148DD}.Debug|iPhoneSimulator.Deploy.0 = Debug|Any CPU
		{B6F4CBB9-EDDE-4184-AC0D-B5BADDC148DD}.Debug|x64.ActiveCfg = Debug|Any CPU
		{B6F4CBB9-EDDE-4184-AC0D-B5BADDC148DD}.Debug|x64.Build.0 = Debug|Any CPU
		{B6F4CBB9-EDDE-4184-AC0D-B5BADDC148DD}.Debug|x64.Deploy.0 = Debug|Any CPU
		{B6F4CBB9-EDDE-4184-AC0D-B5BADDC148DD}.Debug|x86.ActiveCfg = Debug|Any CPU
		{B6F4CBB9-EDDE-4184-AC0D-B5BADDC148DD}.Debug|x86.Build.0 = Debug|Any CPU
		{B6F4CBB9-EDDE-4184-AC0D-B5BADDC148DD}.Debug|x86.Deploy.0 = Debug|Any CPU
		{B6F4CBB9-EDDE-4184-AC0D-B5BADDC148DD}.Release|Any CPU.ActiveCfg = Release|Any CPU
		{B6F4CBB9-EDDE-4184-AC0D-B5BADDC148DD}.Release|Any CPU.Build.0 = Release|Any CPU
		{B6F4CBB9-EDDE-4184-AC0D-B5BADDC148DD}.Release|Any CPU.Deploy.0 = Release|Any CPU
		{B6F4CBB9-EDDE-4184-AC0D-B5BADDC148DD}.Release|ARM.ActiveCfg = Release|Any CPU
		{B6F4CBB9-EDDE-4184-AC0D-B5BADDC148DD}.Release|ARM.Build.0 = Release|Any CPU
		{B6F4CBB9-EDDE-4184-AC0D-B5BADDC148DD}.Release|ARM.Deploy.0 = Release|Any CPU
		{B6F4CBB9-EDDE-4184-AC0D-B5BADDC148DD}.Release|iPhone.ActiveCfg = Release|Any CPU
		{B6F4CBB9-EDDE-4184-AC0D-B5BADDC148DD}.Release|iPhone.Build.0 = Release|Any CPU
		{B6F4CBB9-EDDE-4184-AC0D-B5BADDC148DD}.Release|iPhone.Deploy.0 = Release|Any CPU
		{B6F4CBB9-EDDE-4184-AC0D-B5BADDC148DD}.Release|iPhoneSimulator.ActiveCfg = Release|Any CPU
		{B6F4CBB9-EDDE-4184-AC0D-B5BADDC148DD}.Release|iPhoneSimulator.Build.0 = Release|Any CPU
		{B6F4CBB9-EDDE-4184-AC0D-B5BADDC148DD}.Release|iPhoneSimulator.Deploy.0 = Release|Any CPU
		{B6F4CBB9-EDDE-4184-AC0D-B5BADDC148DD}.Release|x64.ActiveCfg = Release|Any CPU
		{B6F4CBB9-EDDE-4184-AC0D-B5BADDC148DD}.Release|x64.Build.0 = Release|Any CPU
		{B6F4CBB9-EDDE-4184-AC0D-B5BADDC148DD}.Release|x64.Deploy.0 = Release|Any CPU
		{B6F4CBB9-EDDE-4184-AC0D-B5BADDC148DD}.Release|x86.ActiveCfg = Release|Any CPU
		{B6F4CBB9-EDDE-4184-AC0D-B5BADDC148DD}.Release|x86.Build.0 = Release|Any CPU
		{B6F4CBB9-EDDE-4184-AC0D-B5BADDC148DD}.Release|x86.Deploy.0 = Release|Any CPU
		{85A227D2-CCCE-43FD-992C-5636D37AB23E}.Ad-Hoc|Any CPU.ActiveCfg = Ad-Hoc|iPhone
		{85A227D2-CCCE-43FD-992C-5636D37AB23E}.Ad-Hoc|ARM.ActiveCfg = Ad-Hoc|iPhone
		{85A227D2-CCCE-43FD-992C-5636D37AB23E}.Ad-Hoc|iPhone.ActiveCfg = Ad-Hoc|iPhone
		{85A227D2-CCCE-43FD-992C-5636D37AB23E}.Ad-Hoc|iPhone.Build.0 = Ad-Hoc|iPhone
		{85A227D2-CCCE-43FD-992C-5636D37AB23E}.Ad-Hoc|iPhoneSimulator.ActiveCfg = Ad-Hoc|iPhoneSimulator
		{85A227D2-CCCE-43FD-992C-5636D37AB23E}.Ad-Hoc|iPhoneSimulator.Build.0 = Ad-Hoc|iPhoneSimulator
		{85A227D2-CCCE-43FD-992C-5636D37AB23E}.Ad-Hoc|x64.ActiveCfg = Ad-Hoc|iPhone
		{85A227D2-CCCE-43FD-992C-5636D37AB23E}.Ad-Hoc|x86.ActiveCfg = Ad-Hoc|iPhone
		{85A227D2-CCCE-43FD-992C-5636D37AB23E}.AppStore|Any CPU.ActiveCfg = AppStore|iPhone
		{85A227D2-CCCE-43FD-992C-5636D37AB23E}.AppStore|ARM.ActiveCfg = AppStore|iPhone
		{85A227D2-CCCE-43FD-992C-5636D37AB23E}.AppStore|iPhone.ActiveCfg = AppStore|iPhone
		{85A227D2-CCCE-43FD-992C-5636D37AB23E}.AppStore|iPhone.Build.0 = AppStore|iPhone
		{85A227D2-CCCE-43FD-992C-5636D37AB23E}.AppStore|iPhoneSimulator.ActiveCfg = AppStore|iPhoneSimulator
		{85A227D2-CCCE-43FD-992C-5636D37AB23E}.AppStore|iPhoneSimulator.Build.0 = AppStore|iPhoneSimulator
		{85A227D2-CCCE-43FD-992C-5636D37AB23E}.AppStore|x64.ActiveCfg = AppStore|iPhone
		{85A227D2-CCCE-43FD-992C-5636D37AB23E}.AppStore|x86.ActiveCfg = AppStore|iPhone
		{85A227D2-CCCE-43FD-992C-5636D37AB23E}.Debug|Any CPU.ActiveCfg = Debug|iPhone
		{85A227D2-CCCE-43FD-992C-5636D37AB23E}.Debug|ARM.ActiveCfg = Debug|iPhone
		{85A227D2-CCCE-43FD-992C-5636D37AB23E}.Debug|iPhone.ActiveCfg = Debug|iPhone
		{85A227D2-CCCE-43FD-992C-5636D37AB23E}.Debug|iPhone.Build.0 = Debug|iPhone
		{85A227D2-CCCE-43FD-992C-5636D37AB23E}.Debug|iPhoneSimulator.ActiveCfg = Debug|iPhoneSimulator
		{85A227D2-CCCE-43FD-992C-5636D37AB23E}.Debug|iPhoneSimulator.Build.0 = Debug|iPhoneSimulator
		{85A227D2-CCCE-43FD-992C-5636D37AB23E}.Debug|x64.ActiveCfg = Debug|iPhone
		{85A227D2-CCCE-43FD-992C-5636D37AB23E}.Debug|x86.ActiveCfg = Debug|iPhone
		{85A227D2-CCCE-43FD-992C-5636D37AB23E}.Release|Any CPU.ActiveCfg = Release|iPhone
		{85A227D2-CCCE-43FD-992C-5636D37AB23E}.Release|ARM.ActiveCfg = Release|iPhone
		{85A227D2-CCCE-43FD-992C-5636D37AB23E}.Release|iPhone.ActiveCfg = Release|iPhone
		{85A227D2-CCCE-43FD-992C-5636D37AB23E}.Release|iPhone.Build.0 = Release|iPhone
		{85A227D2-CCCE-43FD-992C-5636D37AB23E}.Release|iPhoneSimulator.ActiveCfg = Release|iPhoneSimulator
		{85A227D2-CCCE-43FD-992C-5636D37AB23E}.Release|iPhoneSimulator.Build.0 = Release|iPhoneSimulator
		{85A227D2-CCCE-43FD-992C-5636D37AB23E}.Release|x64.ActiveCfg = Release|iPhone
		{85A227D2-CCCE-43FD-992C-5636D37AB23E}.Release|x86.ActiveCfg = Release|iPhone
		{415D4D31-7EC7-44F5-A801-7CCE4299D0BC}.Ad-Hoc|Any CPU.ActiveCfg = Release|Any CPU
		{415D4D31-7EC7-44F5-A801-7CCE4299D0BC}.Ad-Hoc|Any CPU.Build.0 = Release|Any CPU
		{415D4D31-7EC7-44F5-A801-7CCE4299D0BC}.Ad-Hoc|Any CPU.Deploy.0 = Release|Any CPU
		{415D4D31-7EC7-44F5-A801-7CCE4299D0BC}.Ad-Hoc|ARM.ActiveCfg = Release|ARM
		{415D4D31-7EC7-44F5-A801-7CCE4299D0BC}.Ad-Hoc|ARM.Build.0 = Release|ARM
		{415D4D31-7EC7-44F5-A801-7CCE4299D0BC}.Ad-Hoc|ARM.Deploy.0 = Release|ARM
		{415D4D31-7EC7-44F5-A801-7CCE4299D0BC}.Ad-Hoc|iPhone.ActiveCfg = Release|Any CPU
		{415D4D31-7EC7-44F5-A801-7CCE4299D0BC}.Ad-Hoc|iPhone.Build.0 = Release|Any CPU
		{415D4D31-7EC7-44F5-A801-7CCE4299D0BC}.Ad-Hoc|iPhone.Deploy.0 = Release|Any CPU
		{415D4D31-7EC7-44F5-A801-7CCE4299D0BC}.Ad-Hoc|iPhoneSimulator.ActiveCfg = Release|Any CPU
		{415D4D31-7EC7-44F5-A801-7CCE4299D0BC}.Ad-Hoc|iPhoneSimulator.Build.0 = Release|Any CPU
		{415D4D31-7EC7-44F5-A801-7CCE4299D0BC}.Ad-Hoc|iPhoneSimulator.Deploy.0 = Release|Any CPU
		{415D4D31-7EC7-44F5-A801-7CCE4299D0BC}.Ad-Hoc|x64.ActiveCfg = Release|Any CPU
		{415D4D31-7EC7-44F5-A801-7CCE4299D0BC}.Ad-Hoc|x64.Build.0 = Release|Any CPU
		{415D4D31-7EC7-44F5-A801-7CCE4299D0BC}.Ad-Hoc|x64.Deploy.0 = Release|Any CPU
		{415D4D31-7EC7-44F5-A801-7CCE4299D0BC}.Ad-Hoc|x86.ActiveCfg = Release|x86
		{415D4D31-7EC7-44F5-A801-7CCE4299D0BC}.Ad-Hoc|x86.Build.0 = Release|x86
		{415D4D31-7EC7-44F5-A801-7CCE4299D0BC}.Ad-Hoc|x86.Deploy.0 = Release|x86
		{415D4D31-7EC7-44F5-A801-7CCE4299D0BC}.AppStore|Any CPU.ActiveCfg = Release|Any CPU
		{415D4D31-7EC7-44F5-A801-7CCE4299D0BC}.AppStore|Any CPU.Build.0 = Release|Any CPU
		{415D4D31-7EC7-44F5-A801-7CCE4299D0BC}.AppStore|Any CPU.Deploy.0 = Release|Any CPU
		{415D4D31-7EC7-44F5-A801-7CCE4299D0BC}.AppStore|ARM.ActiveCfg = Release|ARM
		{415D4D31-7EC7-44F5-A801-7CCE4299D0BC}.AppStore|ARM.Build.0 = Release|ARM
		{415D4D31-7EC7-44F5-A801-7CCE4299D0BC}.AppStore|ARM.Deploy.0 = Release|ARM
		{415D4D31-7EC7-44F5-A801-7CCE4299D0BC}.AppStore|iPhone.ActiveCfg = Release|Any CPU
		{415D4D31-7EC7-44F5-A801-7CCE4299D0BC}.AppStore|iPhone.Build.0 = Release|Any CPU
		{415D4D31-7EC7-44F5-A801-7CCE4299D0BC}.AppStore|iPhone.Deploy.0 = Release|Any CPU
		{415D4D31-7EC7-44F5-A801-7CCE4299D0BC}.AppStore|iPhoneSimulator.ActiveCfg = Release|Any CPU
		{415D4D31-7EC7-44F5-A801-7CCE4299D0BC}.AppStore|iPhoneSimulator.Build.0 = Release|Any CPU
		{415D4D31-7EC7-44F5-A801-7CCE4299D0BC}.AppStore|iPhoneSimulator.Deploy.0 = Release|Any CPU
		{415D4D31-7EC7-44F5-A801-7CCE4299D0BC}.AppStore|x64.ActiveCfg = Release|Any CPU
		{415D4D31-7EC7-44F5-A801-7CCE4299D0BC}.AppStore|x64.Build.0 = Release|Any CPU
		{415D4D31-7EC7-44F5-A801-7CCE4299D0BC}.AppStore|x64.Deploy.0 = Release|Any CPU
		{415D4D31-7EC7-44F5-A801-7CCE4299D0BC}.AppStore|x86.ActiveCfg = Release|x86
		{415D4D31-7EC7-44F5-A801-7CCE4299D0BC}.AppStore|x86.Build.0 = Release|x86
		{415D4D31-7EC7-44F5-A801-7CCE4299D0BC}.AppStore|x86.Deploy.0 = Release|x86
		{415D4D31-7EC7-44F5-A801-7CCE4299D0BC}.Debug|Any CPU.ActiveCfg = Debug|Any CPU
		{415D4D31-7EC7-44F5-A801-7CCE4299D0BC}.Debug|Any CPU.Build.0 = Debug|Any CPU
		{415D4D31-7EC7-44F5-A801-7CCE4299D0BC}.Debug|Any CPU.Deploy.0 = Debug|Any CPU
		{415D4D31-7EC7-44F5-A801-7CCE4299D0BC}.Debug|ARM.ActiveCfg = Debug|ARM
		{415D4D31-7EC7-44F5-A801-7CCE4299D0BC}.Debug|ARM.Build.0 = Debug|ARM
		{415D4D31-7EC7-44F5-A801-7CCE4299D0BC}.Debug|ARM.Deploy.0 = Debug|ARM
		{415D4D31-7EC7-44F5-A801-7CCE4299D0BC}.Debug|iPhone.ActiveCfg = Debug|Any CPU
		{415D4D31-7EC7-44F5-A801-7CCE4299D0BC}.Debug|iPhone.Build.0 = Debug|Any CPU
		{415D4D31-7EC7-44F5-A801-7CCE4299D0BC}.Debug|iPhone.Deploy.0 = Debug|Any CPU
		{415D4D31-7EC7-44F5-A801-7CCE4299D0BC}.Debug|iPhoneSimulator.ActiveCfg = Debug|Any CPU
		{415D4D31-7EC7-44F5-A801-7CCE4299D0BC}.Debug|iPhoneSimulator.Build.0 = Debug|Any CPU
		{415D4D31-7EC7-44F5-A801-7CCE4299D0BC}.Debug|iPhoneSimulator.Deploy.0 = Debug|Any CPU
		{415D4D31-7EC7-44F5-A801-7CCE4299D0BC}.Debug|x64.ActiveCfg = Debug|Any CPU
		{415D4D31-7EC7-44F5-A801-7CCE4299D0BC}.Debug|x64.Build.0 = Debug|Any CPU
		{415D4D31-7EC7-44F5-A801-7CCE4299D0BC}.Debug|x64.Deploy.0 = Debug|Any CPU
		{415D4D31-7EC7-44F5-A801-7CCE4299D0BC}.Debug|x86.ActiveCfg = Debug|x86
		{415D4D31-7EC7-44F5-A801-7CCE4299D0BC}.Debug|x86.Build.0 = Debug|x86
		{415D4D31-7EC7-44F5-A801-7CCE4299D0BC}.Debug|x86.Deploy.0 = Debug|x86
		{415D4D31-7EC7-44F5-A801-7CCE4299D0BC}.Release|Any CPU.ActiveCfg = Release|Any CPU
		{415D4D31-7EC7-44F5-A801-7CCE4299D0BC}.Release|Any CPU.Build.0 = Release|Any CPU
		{415D4D31-7EC7-44F5-A801-7CCE4299D0BC}.Release|Any CPU.Deploy.0 = Release|Any CPU
		{415D4D31-7EC7-44F5-A801-7CCE4299D0BC}.Release|ARM.ActiveCfg = Release|ARM
		{415D4D31-7EC7-44F5-A801-7CCE4299D0BC}.Release|ARM.Build.0 = Release|ARM
		{415D4D31-7EC7-44F5-A801-7CCE4299D0BC}.Release|ARM.Deploy.0 = Release|ARM
		{415D4D31-7EC7-44F5-A801-7CCE4299D0BC}.Release|iPhone.ActiveCfg = Release|Any CPU
		{415D4D31-7EC7-44F5-A801-7CCE4299D0BC}.Release|iPhone.Build.0 = Release|Any CPU
		{415D4D31-7EC7-44F5-A801-7CCE4299D0BC}.Release|iPhone.Deploy.0 = Release|Any CPU
		{415D4D31-7EC7-44F5-A801-7CCE4299D0BC}.Release|iPhoneSimulator.ActiveCfg = Release|Any CPU
		{415D4D31-7EC7-44F5-A801-7CCE4299D0BC}.Release|iPhoneSimulator.Build.0 = Release|Any CPU
		{415D4D31-7EC7-44F5-A801-7CCE4299D0BC}.Release|iPhoneSimulator.Deploy.0 = Release|Any CPU
		{415D4D31-7EC7-44F5-A801-7CCE4299D0BC}.Release|x64.ActiveCfg = Release|Any CPU
		{415D4D31-7EC7-44F5-A801-7CCE4299D0BC}.Release|x64.Build.0 = Release|Any CPU
		{415D4D31-7EC7-44F5-A801-7CCE4299D0BC}.Release|x64.Deploy.0 = Release|Any CPU
		{415D4D31-7EC7-44F5-A801-7CCE4299D0BC}.Release|x86.ActiveCfg = Release|x86
		{415D4D31-7EC7-44F5-A801-7CCE4299D0BC}.Release|x86.Build.0 = Release|x86
		{415D4D31-7EC7-44F5-A801-7CCE4299D0BC}.Release|x86.Deploy.0 = Release|x86
		{0622ADDE-BF37-46E4-BCCA-1B269C0DB1FC}.Ad-Hoc|Any CPU.ActiveCfg = Release|x86
		{0622ADDE-BF37-46E4-BCCA-1B269C0DB1FC}.Ad-Hoc|Any CPU.Build.0 = Release|x86
		{0622ADDE-BF37-46E4-BCCA-1B269C0DB1FC}.Ad-Hoc|Any CPU.Deploy.0 = Release|x86
		{0622ADDE-BF37-46E4-BCCA-1B269C0DB1FC}.Ad-Hoc|ARM.ActiveCfg = Release|ARM
		{0622ADDE-BF37-46E4-BCCA-1B269C0DB1FC}.Ad-Hoc|ARM.Build.0 = Release|ARM
		{0622ADDE-BF37-46E4-BCCA-1B269C0DB1FC}.Ad-Hoc|ARM.Deploy.0 = Release|ARM
		{0622ADDE-BF37-46E4-BCCA-1B269C0DB1FC}.Ad-Hoc|iPhone.ActiveCfg = Release|x86
		{0622ADDE-BF37-46E4-BCCA-1B269C0DB1FC}.Ad-Hoc|iPhone.Build.0 = Release|x86
		{0622ADDE-BF37-46E4-BCCA-1B269C0DB1FC}.Ad-Hoc|iPhone.Deploy.0 = Release|x86
		{0622ADDE-BF37-46E4-BCCA-1B269C0DB1FC}.Ad-Hoc|iPhoneSimulator.ActiveCfg = Release|x86
		{0622ADDE-BF37-46E4-BCCA-1B269C0DB1FC}.Ad-Hoc|iPhoneSimulator.Build.0 = Release|x86
		{0622ADDE-BF37-46E4-BCCA-1B269C0DB1FC}.Ad-Hoc|iPhoneSimulator.Deploy.0 = Release|x86
		{0622ADDE-BF37-46E4-BCCA-1B269C0DB1FC}.Ad-Hoc|x64.ActiveCfg = Release|x64
		{0622ADDE-BF37-46E4-BCCA-1B269C0DB1FC}.Ad-Hoc|x64.Build.0 = Release|x64
		{0622ADDE-BF37-46E4-BCCA-1B269C0DB1FC}.Ad-Hoc|x64.Deploy.0 = Release|x64
		{0622ADDE-BF37-46E4-BCCA-1B269C0DB1FC}.Ad-Hoc|x86.ActiveCfg = Release|x86
		{0622ADDE-BF37-46E4-BCCA-1B269C0DB1FC}.Ad-Hoc|x86.Build.0 = Release|x86
		{0622ADDE-BF37-46E4-BCCA-1B269C0DB1FC}.Ad-Hoc|x86.Deploy.0 = Release|x86
		{0622ADDE-BF37-46E4-BCCA-1B269C0DB1FC}.AppStore|Any CPU.ActiveCfg = Release|x86
		{0622ADDE-BF37-46E4-BCCA-1B269C0DB1FC}.AppStore|Any CPU.Build.0 = Release|x86
		{0622ADDE-BF37-46E4-BCCA-1B269C0DB1FC}.AppStore|Any CPU.Deploy.0 = Release|x86
		{0622ADDE-BF37-46E4-BCCA-1B269C0DB1FC}.AppStore|ARM.ActiveCfg = Release|ARM
		{0622ADDE-BF37-46E4-BCCA-1B269C0DB1FC}.AppStore|ARM.Build.0 = Release|ARM
		{0622ADDE-BF37-46E4-BCCA-1B269C0DB1FC}.AppStore|ARM.Deploy.0 = Release|ARM
		{0622ADDE-BF37-46E4-BCCA-1B269C0DB1FC}.AppStore|iPhone.ActiveCfg = Release|x86
		{0622ADDE-BF37-46E4-BCCA-1B269C0DB1FC}.AppStore|iPhone.Build.0 = Release|x86
		{0622ADDE-BF37-46E4-BCCA-1B269C0DB1FC}.AppStore|iPhone.Deploy.0 = Release|x86
		{0622ADDE-BF37-46E4-BCCA-1B269C0DB1FC}.AppStore|iPhoneSimulator.ActiveCfg = Release|x86
		{0622ADDE-BF37-46E4-BCCA-1B269C0DB1FC}.AppStore|iPhoneSimulator.Build.0 = Release|x86
		{0622ADDE-BF37-46E4-BCCA-1B269C0DB1FC}.AppStore|iPhoneSimulator.Deploy.0 = Release|x86
		{0622ADDE-BF37-46E4-BCCA-1B269C0DB1FC}.AppStore|x64.ActiveCfg = Release|x64
		{0622ADDE-BF37-46E4-BCCA-1B269C0DB1FC}.AppStore|x64.Build.0 = Release|x64
		{0622ADDE-BF37-46E4-BCCA-1B269C0DB1FC}.AppStore|x64.Deploy.0 = Release|x64
		{0622ADDE-BF37-46E4-BCCA-1B269C0DB1FC}.AppStore|x86.ActiveCfg = Release|x86
		{0622ADDE-BF37-46E4-BCCA-1B269C0DB1FC}.AppStore|x86.Build.0 = Release|x86
		{0622ADDE-BF37-46E4-BCCA-1B269C0DB1FC}.AppStore|x86.Deploy.0 = Release|x86
		{0622ADDE-BF37-46E4-BCCA-1B269C0DB1FC}.Debug|Any CPU.ActiveCfg = Debug|x86
		{0622ADDE-BF37-46E4-BCCA-1B269C0DB1FC}.Debug|ARM.ActiveCfg = Debug|ARM
		{0622ADDE-BF37-46E4-BCCA-1B269C0DB1FC}.Debug|ARM.Build.0 = Debug|ARM
		{0622ADDE-BF37-46E4-BCCA-1B269C0DB1FC}.Debug|ARM.Deploy.0 = Debug|ARM
		{0622ADDE-BF37-46E4-BCCA-1B269C0DB1FC}.Debug|iPhone.ActiveCfg = Debug|x86
		{0622ADDE-BF37-46E4-BCCA-1B269C0DB1FC}.Debug|iPhoneSimulator.ActiveCfg = Debug|x86
		{0622ADDE-BF37-46E4-BCCA-1B269C0DB1FC}.Debug|x64.ActiveCfg = Debug|x64
		{0622ADDE-BF37-46E4-BCCA-1B269C0DB1FC}.Debug|x64.Build.0 = Debug|x64
		{0622ADDE-BF37-46E4-BCCA-1B269C0DB1FC}.Debug|x64.Deploy.0 = Debug|x64
		{0622ADDE-BF37-46E4-BCCA-1B269C0DB1FC}.Debug|x86.ActiveCfg = Debug|x86
		{0622ADDE-BF37-46E4-BCCA-1B269C0DB1FC}.Debug|x86.Build.0 = Debug|x86
		{0622ADDE-BF37-46E4-BCCA-1B269C0DB1FC}.Debug|x86.Deploy.0 = Debug|x86
		{0622ADDE-BF37-46E4-BCCA-1B269C0DB1FC}.Release|Any CPU.ActiveCfg = Release|x86
		{0622ADDE-BF37-46E4-BCCA-1B269C0DB1FC}.Release|ARM.ActiveCfg = Release|ARM
		{0622ADDE-BF37-46E4-BCCA-1B269C0DB1FC}.Release|ARM.Build.0 = Release|ARM
		{0622ADDE-BF37-46E4-BCCA-1B269C0DB1FC}.Release|ARM.Deploy.0 = Release|ARM
		{0622ADDE-BF37-46E4-BCCA-1B269C0DB1FC}.Release|iPhone.ActiveCfg = Release|x86
		{0622ADDE-BF37-46E4-BCCA-1B269C0DB1FC}.Release|iPhoneSimulator.ActiveCfg = Release|x86
		{0622ADDE-BF37-46E4-BCCA-1B269C0DB1FC}.Release|x64.ActiveCfg = Release|x64
		{0622ADDE-BF37-46E4-BCCA-1B269C0DB1FC}.Release|x64.Build.0 = Release|x64
		{0622ADDE-BF37-46E4-BCCA-1B269C0DB1FC}.Release|x64.Deploy.0 = Release|x64
		{0622ADDE-BF37-46E4-BCCA-1B269C0DB1FC}.Release|x86.ActiveCfg = Release|x86
		{0622ADDE-BF37-46E4-BCCA-1B269C0DB1FC}.Release|x86.Build.0 = Release|x86
		{0622ADDE-BF37-46E4-BCCA-1B269C0DB1FC}.Release|x86.Deploy.0 = Release|x86
		{61884A97-1A2B-40CB-B89E-E67BC56EFBBA}.Ad-Hoc|Any CPU.ActiveCfg = Release|Any CPU
		{61884A97-1A2B-40CB-B89E-E67BC56EFBBA}.Ad-Hoc|Any CPU.Build.0 = Release|Any CPU
		{61884A97-1A2B-40CB-B89E-E67BC56EFBBA}.Ad-Hoc|Any CPU.Deploy.0 = Release|Any CPU
		{61884A97-1A2B-40CB-B89E-E67BC56EFBBA}.Ad-Hoc|ARM.ActiveCfg = Release|ARM
		{61884A97-1A2B-40CB-B89E-E67BC56EFBBA}.Ad-Hoc|ARM.Build.0 = Release|ARM
		{61884A97-1A2B-40CB-B89E-E67BC56EFBBA}.Ad-Hoc|ARM.Deploy.0 = Release|ARM
		{61884A97-1A2B-40CB-B89E-E67BC56EFBBA}.Ad-Hoc|iPhone.ActiveCfg = Release|Any CPU
		{61884A97-1A2B-40CB-B89E-E67BC56EFBBA}.Ad-Hoc|iPhone.Build.0 = Release|Any CPU
		{61884A97-1A2B-40CB-B89E-E67BC56EFBBA}.Ad-Hoc|iPhone.Deploy.0 = Release|Any CPU
		{61884A97-1A2B-40CB-B89E-E67BC56EFBBA}.Ad-Hoc|iPhoneSimulator.ActiveCfg = Release|Any CPU
		{61884A97-1A2B-40CB-B89E-E67BC56EFBBA}.Ad-Hoc|iPhoneSimulator.Build.0 = Release|Any CPU
		{61884A97-1A2B-40CB-B89E-E67BC56EFBBA}.Ad-Hoc|iPhoneSimulator.Deploy.0 = Release|Any CPU
		{61884A97-1A2B-40CB-B89E-E67BC56EFBBA}.Ad-Hoc|x64.ActiveCfg = Release|x64
		{61884A97-1A2B-40CB-B89E-E67BC56EFBBA}.Ad-Hoc|x64.Build.0 = Release|x64
		{61884A97-1A2B-40CB-B89E-E67BC56EFBBA}.Ad-Hoc|x64.Deploy.0 = Release|x64
		{61884A97-1A2B-40CB-B89E-E67BC56EFBBA}.Ad-Hoc|x86.ActiveCfg = Release|x86
		{61884A97-1A2B-40CB-B89E-E67BC56EFBBA}.Ad-Hoc|x86.Build.0 = Release|x86
		{61884A97-1A2B-40CB-B89E-E67BC56EFBBA}.Ad-Hoc|x86.Deploy.0 = Release|x86
		{61884A97-1A2B-40CB-B89E-E67BC56EFBBA}.AppStore|Any CPU.ActiveCfg = Release|Any CPU
		{61884A97-1A2B-40CB-B89E-E67BC56EFBBA}.AppStore|Any CPU.Build.0 = Release|Any CPU
		{61884A97-1A2B-40CB-B89E-E67BC56EFBBA}.AppStore|Any CPU.Deploy.0 = Release|Any CPU
		{61884A97-1A2B-40CB-B89E-E67BC56EFBBA}.AppStore|ARM.ActiveCfg = Release|ARM
		{61884A97-1A2B-40CB-B89E-E67BC56EFBBA}.AppStore|ARM.Build.0 = Release|ARM
		{61884A97-1A2B-40CB-B89E-E67BC56EFBBA}.AppStore|ARM.Deploy.0 = Release|ARM
		{61884A97-1A2B-40CB-B89E-E67BC56EFBBA}.AppStore|iPhone.ActiveCfg = Release|Any CPU
		{61884A97-1A2B-40CB-B89E-E67BC56EFBBA}.AppStore|iPhone.Build.0 = Release|Any CPU
		{61884A97-1A2B-40CB-B89E-E67BC56EFBBA}.AppStore|iPhone.Deploy.0 = Release|Any CPU
		{61884A97-1A2B-40CB-B89E-E67BC56EFBBA}.AppStore|iPhoneSimulator.ActiveCfg = Release|Any CPU
		{61884A97-1A2B-40CB-B89E-E67BC56EFBBA}.AppStore|iPhoneSimulator.Build.0 = Release|Any CPU
		{61884A97-1A2B-40CB-B89E-E67BC56EFBBA}.AppStore|iPhoneSimulator.Deploy.0 = Release|Any CPU
		{61884A97-1A2B-40CB-B89E-E67BC56EFBBA}.AppStore|x64.ActiveCfg = Release|x64
		{61884A97-1A2B-40CB-B89E-E67BC56EFBBA}.AppStore|x64.Build.0 = Release|x64
		{61884A97-1A2B-40CB-B89E-E67BC56EFBBA}.AppStore|x64.Deploy.0 = Release|x64
		{61884A97-1A2B-40CB-B89E-E67BC56EFBBA}.AppStore|x86.ActiveCfg = Release|x86
		{61884A97-1A2B-40CB-B89E-E67BC56EFBBA}.AppStore|x86.Build.0 = Release|x86
		{61884A97-1A2B-40CB-B89E-E67BC56EFBBA}.AppStore|x86.Deploy.0 = Release|x86
		{61884A97-1A2B-40CB-B89E-E67BC56EFBBA}.Debug|Any CPU.ActiveCfg = Debug|Any CPU
		{61884A97-1A2B-40CB-B89E-E67BC56EFBBA}.Debug|Any CPU.Build.0 = Debug|Any CPU
		{61884A97-1A2B-40CB-B89E-E67BC56EFBBA}.Debug|Any CPU.Deploy.0 = Debug|Any CPU
		{61884A97-1A2B-40CB-B89E-E67BC56EFBBA}.Debug|ARM.ActiveCfg = Debug|ARM
		{61884A97-1A2B-40CB-B89E-E67BC56EFBBA}.Debug|ARM.Build.0 = Debug|ARM
		{61884A97-1A2B-40CB-B89E-E67BC56EFBBA}.Debug|ARM.Deploy.0 = Debug|ARM
		{61884A97-1A2B-40CB-B89E-E67BC56EFBBA}.Debug|iPhone.ActiveCfg = Debug|Any CPU
		{61884A97-1A2B-40CB-B89E-E67BC56EFBBA}.Debug|iPhone.Build.0 = Debug|Any CPU
		{61884A97-1A2B-40CB-B89E-E67BC56EFBBA}.Debug|iPhone.Deploy.0 = Debug|Any CPU
		{61884A97-1A2B-40CB-B89E-E67BC56EFBBA}.Debug|iPhoneSimulator.ActiveCfg = Debug|Any CPU
		{61884A97-1A2B-40CB-B89E-E67BC56EFBBA}.Debug|iPhoneSimulator.Build.0 = Debug|Any CPU
		{61884A97-1A2B-40CB-B89E-E67BC56EFBBA}.Debug|iPhoneSimulator.Deploy.0 = Debug|Any CPU
		{61884A97-1A2B-40CB-B89E-E67BC56EFBBA}.Debug|x64.ActiveCfg = Debug|x64
		{61884A97-1A2B-40CB-B89E-E67BC56EFBBA}.Debug|x64.Build.0 = Debug|x64
		{61884A97-1A2B-40CB-B89E-E67BC56EFBBA}.Debug|x64.Deploy.0 = Debug|x64
		{61884A97-1A2B-40CB-B89E-E67BC56EFBBA}.Debug|x86.ActiveCfg = Debug|x86
		{61884A97-1A2B-40CB-B89E-E67BC56EFBBA}.Debug|x86.Build.0 = Debug|x86
		{61884A97-1A2B-40CB-B89E-E67BC56EFBBA}.Debug|x86.Deploy.0 = Debug|x86
		{61884A97-1A2B-40CB-B89E-E67BC56EFBBA}.Release|Any CPU.ActiveCfg = Release|Any CPU
		{61884A97-1A2B-40CB-B89E-E67BC56EFBBA}.Release|Any CPU.Build.0 = Release|Any CPU
		{61884A97-1A2B-40CB-B89E-E67BC56EFBBA}.Release|Any CPU.Deploy.0 = Release|Any CPU
		{61884A97-1A2B-40CB-B89E-E67BC56EFBBA}.Release|ARM.ActiveCfg = Release|ARM
		{61884A97-1A2B-40CB-B89E-E67BC56EFBBA}.Release|ARM.Build.0 = Release|ARM
		{61884A97-1A2B-40CB-B89E-E67BC56EFBBA}.Release|ARM.Deploy.0 = Release|ARM
		{61884A97-1A2B-40CB-B89E-E67BC56EFBBA}.Release|iPhone.ActiveCfg = Release|Any CPU
		{61884A97-1A2B-40CB-B89E-E67BC56EFBBA}.Release|iPhone.Build.0 = Release|Any CPU
		{61884A97-1A2B-40CB-B89E-E67BC56EFBBA}.Release|iPhone.Deploy.0 = Release|Any CPU
		{61884A97-1A2B-40CB-B89E-E67BC56EFBBA}.Release|iPhoneSimulator.ActiveCfg = Release|Any CPU
		{61884A97-1A2B-40CB-B89E-E67BC56EFBBA}.Release|iPhoneSimulator.Build.0 = Release|Any CPU
		{61884A97-1A2B-40CB-B89E-E67BC56EFBBA}.Release|iPhoneSimulator.Deploy.0 = Release|Any CPU
		{61884A97-1A2B-40CB-B89E-E67BC56EFBBA}.Release|x64.ActiveCfg = Release|x64
		{61884A97-1A2B-40CB-B89E-E67BC56EFBBA}.Release|x64.Build.0 = Release|x64
		{61884A97-1A2B-40CB-B89E-E67BC56EFBBA}.Release|x64.Deploy.0 = Release|x64
		{61884A97-1A2B-40CB-B89E-E67BC56EFBBA}.Release|x86.ActiveCfg = Release|x86
		{61884A97-1A2B-40CB-B89E-E67BC56EFBBA}.Release|x86.Build.0 = Release|x86
		{61884A97-1A2B-40CB-B89E-E67BC56EFBBA}.Release|x86.Deploy.0 = Release|x86
	EndGlobalSection
	GlobalSection(SolutionProperties) = preSolution
		HideSolutionNode = FALSE
	EndGlobalSection
EndGlobal
