
Microsoft Visual Studio Solution File, Format Version 12.00
# Visual Studio 2012
Project("{FAE04EC0-301F-11D3-BF4B-00C04F79EFBC}") = "MetalActionEngine", "MetalActionEngine\MetalActionEngine.csproj", "{672119C0-2440-4556-943F-807961B6E26F}"
EndProject
Project("{FAE04EC0-301F-11D3-BF4B-00C04F79EFBC}") = "MetalActionTestGame", "MetalActionTestGame\MetalActionTestGame.csproj", "{267F6C24-C12E-4F4C-A24F-76B328E3E0D1}"
EndProject
Global
	GlobalSection(SolutionConfigurationPlatforms) = preSolution
		Debug|x86 = Debug|x86
		Release|x86 = Release|x86
	EndGlobalSection
	GlobalSection(ProjectConfigurationPlatforms) = postSolution
		{672119C0-2440-4556-943F-807961B6E26F}.Debug|x86.ActiveCfg = Debug|x86
		{672119C0-2440-4556-943F-807961B6E26F}.Debug|x86.Build.0 = Debug|x86
		{672119C0-2440-4556-943F-807961B6E26F}.Release|x86.ActiveCfg = Release|x86
		{672119C0-2440-4556-943F-807961B6E26F}.Release|x86.Build.0 = Release|x86
		{267F6C24-C12E-4F4C-A24F-76B328E3E0D1}.Debug|x86.ActiveCfg = Debug|x86
		{267F6C24-C12E-4F4C-A24F-76B328E3E0D1}.Debug|x86.Build.0 = Debug|x86
		{267F6C24-C12E-4F4C-A24F-76B328E3E0D1}.Release|x86.ActiveCfg = Release|x86
		{267F6C24-C12E-4F4C-A24F-76B328E3E0D1}.Release|x86.Build.0 = Release|x86
	EndGlobalSection
	GlobalSection(SolutionProperties) = preSolution
		HideSolutionNode = FALSE
	EndGlobalSection
EndGlobal
