
Microsoft Visual Studio Solution File, Format Version 12.00
# Visual Studio 14
VisualStudioVersion = 14.0.25123.0
MinimumVisualStudioVersion = 10.0.40219.1
Project("{FAE04EC0-301F-11D3-BF4B-00C04F79EFBC}") = "FormsTodo.App.Droid", "FormsTodo.App\FormsTodo.App.Droid\FormsTodo.App.Droid.csproj", "{94A467A8-A474-445F-839B-3CFEC4C25D4D}"
EndProject
Project("{FAE04EC0-301F-11D3-BF4B-00C04F79EFBC}") = "FormsTodo.App.WinPhone", "FormsTodo.App\FormsTodo.App.WinPhone\FormsTodo.App.WinPhone.csproj", "{5B7A95A5-E7B1-4AEB-A9D0-669FF5171624}"
EndProject
Project("{FAE04EC0-301F-11D3-BF4B-00C04F79EFBC}") = "FormsTodo.App.UWP", "FormsTodo.App\FormsTodo.App.UWP\FormsTodo.App.UWP.csproj", "{6F1D85DA-2B5D-48DE-B1CA-73ABA6493990}"
EndProject
Project("{FAE04EC0-301F-11D3-BF4B-00C04F79EFBC}") = "FormsTodo.App.Windows", "FormsTodo.App\FormsTodo.App.Windows\FormsTodo.App.Windows.csproj", "{F989607F-A809-4668-B326-AE4CAB51DD04}"
EndProject
Project("{D954291E-2A0B-460D-934E-DC6B0785DB48}") = "FormsTodo.App", "FormsTodo.App\FormsTodo.App\FormsTodo.App.shproj", "{DDF7C5DC-30C5-4826-AF98-C1D6C1757382}"
EndProject
Global
	GlobalSection(SharedMSBuildProjectFiles) = preSolution
		FormsTodo.App\FormsTodo.App\FormsTodo.App.projitems*{ddf7c5dc-30c5-4826-af98-c1d6c1757382}*SharedItemsImports = 13
	EndGlobalSection
	GlobalSection(SolutionConfigurationPlatforms) = preSolution
		Ad-Hoc|Any CPU = Ad-Hoc|Any CPU
		Ad-Hoc|ARM = Ad-Hoc|ARM
		Ad-Hoc|iPhone = Ad-Hoc|iPhone
		Ad-Hoc|iPhoneSimulator = Ad-Hoc|iPhoneSimulator
		Ad-Hoc|x64 = Ad-Hoc|x64
		Ad-Hoc|x86 = Ad-Hoc|x86
		AppStore|Any CPU = AppStore|Any CPU
		AppStore|ARM = AppStore|ARM
		AppStore|iPhone = AppStore|iPhone
		AppStore|iPhoneSimulator = AppStore|iPhoneSimulator
		AppStore|x64 = AppStore|x64
		AppStore|x86 = AppStore|x86
		Debug|Any CPU = Debug|Any CPU
		Debug|ARM = Debug|ARM
		Debug|iPhone = Debug|iPhone
		Debug|iPhoneSimulator = Debug|iPhoneSimulator
		Debug|x64 = Debug|x64
		Debug|x86 = Debug|x86
		Release|Any CPU = Release|Any CPU
		Release|ARM = Release|ARM
		Release|iPhone = Release|iPhone
		Release|iPhoneSimulator = Release|iPhoneSimulator
		Release|x64 = Release|x64
		Release|x86 = Release|x86
	EndGlobalSection
	GlobalSection(ProjectConfigurationPlatforms) = postSolution
		{94A467A8-A474-445F-839B-3CFEC4C25D4D}.Ad-Hoc|Any CPU.ActiveCfg = Release|Any CPU
		{94A467A8-A474-445F-839B-3CFEC4C25D4D}.Ad-Hoc|Any CPU.Build.0 = Release|Any CPU
		{94A467A8-A474-445F-839B-3CFEC4C25D4D}.Ad-Hoc|Any CPU.Deploy.0 = Release|Any CPU
		{94A467A8-A474-445F-839B-3CFEC4C25D4D}.Ad-Hoc|ARM.ActiveCfg = Release|Any CPU
		{94A467A8-A474-445F-839B-3CFEC4C25D4D}.Ad-Hoc|ARM.Build.0 = Release|Any CPU
		{94A467A8-A474-445F-839B-3CFEC4C25D4D}.Ad-Hoc|ARM.Deploy.0 = Release|Any CPU
		{94A467A8-A474-445F-839B-3CFEC4C25D4D}.Ad-Hoc|iPhone.ActiveCfg = Release|Any CPU
		{94A467A8-A474-445F-839B-3CFEC4C25D4D}.Ad-Hoc|iPhone.Build.0 = Release|Any CPU
		{94A467A8-A474-445F-839B-3CFEC4C25D4D}.Ad-Hoc|iPhone.Deploy.0 = Release|Any CPU
		{94A467A8-A474-445F-839B-3CFEC4C25D4D}.Ad-Hoc|iPhoneSimulator.ActiveCfg = Release|Any CPU
		{94A467A8-A474-445F-839B-3CFEC4C25D4D}.Ad-Hoc|iPhoneSimulator.Build.0 = Release|Any CPU
		{94A467A8-A474-445F-839B-3CFEC4C25D4D}.Ad-Hoc|iPhoneSimulator.Deploy.0 = Release|Any CPU
		{94A467A8-A474-445F-839B-3CFEC4C25D4D}.Ad-Hoc|x64.ActiveCfg = Release|Any CPU
		{94A467A8-A474-445F-839B-3CFEC4C25D4D}.Ad-Hoc|x64.Build.0 = Release|Any CPU
		{94A467A8-A474-445F-839B-3CFEC4C25D4D}.Ad-Hoc|x64.Deploy.0 = Release|Any CPU
		{94A467A8-A474-445F-839B-3CFEC4C25D4D}.Ad-Hoc|x86.ActiveCfg = Release|Any CPU
		{94A467A8-A474-445F-839B-3CFEC4C25D4D}.Ad-Hoc|x86.Build.0 = Release|Any CPU
		{94A467A8-A474-445F-839B-3CFEC4C25D4D}.Ad-Hoc|x86.Deploy.0 = Release|Any CPU
		{94A467A8-A474-445F-839B-3CFEC4C25D4D}.AppStore|Any CPU.ActiveCfg = Release|Any CPU
		{94A467A8-A474-445F-839B-3CFEC4C25D4D}.AppStore|Any CPU.Build.0 = Release|Any CPU
		{94A467A8-A474-445F-839B-3CFEC4C25D4D}.AppStore|Any CPU.Deploy.0 = Release|Any CPU
		{94A467A8-A474-445F-839B-3CFEC4C25D4D}.AppStore|ARM.ActiveCfg = Release|Any CPU
		{94A467A8-A474-445F-839B-3CFEC4C25D4D}.AppStore|ARM.Build.0 = Release|Any CPU
		{94A467A8-A474-445F-839B-3CFEC4C25D4D}.AppStore|ARM.Deploy.0 = Release|Any CPU
		{94A467A8-A474-445F-839B-3CFEC4C25D4D}.AppStore|iPhone.ActiveCfg = Release|Any CPU
		{94A467A8-A474-445F-839B-3CFEC4C25D4D}.AppStore|iPhone.Build.0 = Release|Any CPU
		{94A467A8-A474-445F-839B-3CFEC4C25D4D}.AppStore|iPhone.Deploy.0 = Release|Any CPU
		{94A467A8-A474-445F-839B-3CFEC4C25D4D}.AppStore|iPhoneSimulator.ActiveCfg = Release|Any CPU
		{94A467A8-A474-445F-839B-3CFEC4C25D4D}.AppStore|iPhoneSimulator.Build.0 = Release|Any CPU
		{94A467A8-A474-445F-839B-3CFEC4C25D4D}.AppStore|iPhoneSimulator.Deploy.0 = Release|Any CPU
		{94A467A8-A474-445F-839B-3CFEC4C25D4D}.AppStore|x64.ActiveCfg = Release|Any CPU
		{94A467A8-A474-445F-839B-3CFEC4C25D4D}.AppStore|x64.Build.0 = Release|Any CPU
		{94A467A8-A474-445F-839B-3CFEC4C25D4D}.AppStore|x64.Deploy.0 = Release|Any CPU
		{94A467A8-A474-445F-839B-3CFEC4C25D4D}.AppStore|x86.ActiveCfg = Release|Any CPU
		{94A467A8-A474-445F-839B-3CFEC4C25D4D}.AppStore|x86.Build.0 = Release|Any CPU
		{94A467A8-A474-445F-839B-3CFEC4C25D4D}.AppStore|x86.Deploy.0 = Release|Any CPU
		{94A467A8-A474-445F-839B-3CFEC4C25D4D}.Debug|Any CPU.ActiveCfg = Debug|Any CPU
		{94A467A8-A474-445F-839B-3CFEC4C25D4D}.Debug|Any CPU.Build.0 = Debug|Any CPU
		{94A467A8-A474-445F-839B-3CFEC4C25D4D}.Debug|Any CPU.Deploy.0 = Debug|Any CPU
		{94A467A8-A474-445F-839B-3CFEC4C25D4D}.Debug|ARM.ActiveCfg = Debug|Any CPU
		{94A467A8-A474-445F-839B-3CFEC4C25D4D}.Debug|ARM.Build.0 = Debug|Any CPU
		{94A467A8-A474-445F-839B-3CFEC4C25D4D}.Debug|ARM.Deploy.0 = Debug|Any CPU
		{94A467A8-A474-445F-839B-3CFEC4C25D4D}.Debug|iPhone.ActiveCfg = Debug|Any CPU
		{94A467A8-A474-445F-839B-3CFEC4C25D4D}.Debug|iPhone.Build.0 = Debug|Any CPU
		{94A467A8-A474-445F-839B-3CFEC4C25D4D}.Debug|iPhone.Deploy.0 = Debug|Any CPU
		{94A467A8-A474-445F-839B-3CFEC4C25D4D}.Debug|iPhoneSimulator.ActiveCfg = Debug|Any CPU
		{94A467A8-A474-445F-839B-3CFEC4C25D4D}.Debug|iPhoneSimulator.Build.0 = Debug|Any CPU
		{94A467A8-A474-445F-839B-3CFEC4C25D4D}.Debug|iPhoneSimulator.Deploy.0 = Debug|Any CPU
		{94A467A8-A474-445F-839B-3CFEC4C25D4D}.Debug|x64.ActiveCfg = Debug|Any CPU
		{94A467A8-A474-445F-839B-3CFEC4C25D4D}.Debug|x64.Build.0 = Debug|Any CPU
		{94A467A8-A474-445F-839B-3CFEC4C25D4D}.Debug|x64.Deploy.0 = Debug|Any CPU
		{94A467A8-A474-445F-839B-3CFEC4C25D4D}.Debug|x86.ActiveCfg = Debug|Any CPU
		{94A467A8-A474-445F-839B-3CFEC4C25D4D}.Debug|x86.Build.0 = Debug|Any CPU
		{94A467A8-A474-445F-839B-3CFEC4C25D4D}.Debug|x86.Deploy.0 = Debug|Any CPU
		{94A467A8-A474-445F-839B-3CFEC4C25D4D}.Release|Any CPU.ActiveCfg = Release|Any CPU
		{94A467A8-A474-445F-839B-3CFEC4C25D4D}.Release|Any CPU.Build.0 = Release|Any CPU
		{94A467A8-A474-445F-839B-3CFEC4C25D4D}.Release|Any CPU.Deploy.0 = Release|Any CPU
		{94A467A8-A474-445F-839B-3CFEC4C25D4D}.Release|ARM.ActiveCfg = Release|Any CPU
		{94A467A8-A474-445F-839B-3CFEC4C25D4D}.Release|ARM.Build.0 = Release|Any CPU
		{94A467A8-A474-445F-839B-3CFEC4C25D4D}.Release|ARM.Deploy.0 = Release|Any CPU
		{94A467A8-A474-445F-839B-3CFEC4C25D4D}.Release|iPhone.ActiveCfg = Release|Any CPU
		{94A467A8-A474-445F-839B-3CFEC4C25D4D}.Release|iPhone.Build.0 = Release|Any CPU
		{94A467A8-A474-445F-839B-3CFEC4C25D4D}.Release|iPhone.Deploy.0 = Release|Any CPU
		{94A467A8-A474-445F-839B-3CFEC4C25D4D}.Release|iPhoneSimulator.ActiveCfg = Release|Any CPU
		{94A467A8-A474-445F-839B-3CFEC4C25D4D}.Release|iPhoneSimulator.Build.0 = Release|Any CPU
		{94A467A8-A474-445F-839B-3CFEC4C25D4D}.Release|iPhoneSimulator.Deploy.0 = Release|Any CPU
		{94A467A8-A474-445F-839B-3CFEC4C25D4D}.Release|x64.ActiveCfg = Release|Any CPU
		{94A467A8-A474-445F-839B-3CFEC4C25D4D}.Release|x64.Build.0 = Release|Any CPU
		{94A467A8-A474-445F-839B-3CFEC4C25D4D}.Release|x64.Deploy.0 = Release|Any CPU
		{94A467A8-A474-445F-839B-3CFEC4C25D4D}.Release|x86.ActiveCfg = Release|Any CPU
		{94A467A8-A474-445F-839B-3CFEC4C25D4D}.Release|x86.Build.0 = Release|Any CPU
		{94A467A8-A474-445F-839B-3CFEC4C25D4D}.Release|x86.Deploy.0 = Release|Any CPU
		{5B7A95A5-E7B1-4AEB-A9D0-669FF5171624}.Ad-Hoc|Any CPU.ActiveCfg = Release|Any CPU
		{5B7A95A5-E7B1-4AEB-A9D0-669FF5171624}.Ad-Hoc|Any CPU.Build.0 = Release|Any CPU
		{5B7A95A5-E7B1-4AEB-A9D0-669FF5171624}.Ad-Hoc|Any CPU.Deploy.0 = Release|Any CPU
		{5B7A95A5-E7B1-4AEB-A9D0-669FF5171624}.Ad-Hoc|ARM.ActiveCfg = Release|ARM
		{5B7A95A5-E7B1-4AEB-A9D0-669FF5171624}.Ad-Hoc|ARM.Build.0 = Release|ARM
		{5B7A95A5-E7B1-4AEB-A9D0-669FF5171624}.Ad-Hoc|ARM.Deploy.0 = Release|ARM
		{5B7A95A5-E7B1-4AEB-A9D0-669FF5171624}.Ad-Hoc|iPhone.ActiveCfg = Release|Any CPU
		{5B7A95A5-E7B1-4AEB-A9D0-669FF5171624}.Ad-Hoc|iPhone.Build.0 = Release|Any CPU
		{5B7A95A5-E7B1-4AEB-A9D0-669FF5171624}.Ad-Hoc|iPhone.Deploy.0 = Release|Any CPU
		{5B7A95A5-E7B1-4AEB-A9D0-669FF5171624}.Ad-Hoc|iPhoneSimulator.ActiveCfg = Release|Any CPU
		{5B7A95A5-E7B1-4AEB-A9D0-669FF5171624}.Ad-Hoc|iPhoneSimulator.Build.0 = Release|Any CPU
		{5B7A95A5-E7B1-4AEB-A9D0-669FF5171624}.Ad-Hoc|iPhoneSimulator.Deploy.0 = Release|Any CPU
		{5B7A95A5-E7B1-4AEB-A9D0-669FF5171624}.Ad-Hoc|x64.ActiveCfg = Release|Any CPU
		{5B7A95A5-E7B1-4AEB-A9D0-669FF5171624}.Ad-Hoc|x64.Build.0 = Release|Any CPU
		{5B7A95A5-E7B1-4AEB-A9D0-669FF5171624}.Ad-Hoc|x64.Deploy.0 = Release|Any CPU
		{5B7A95A5-E7B1-4AEB-A9D0-669FF5171624}.Ad-Hoc|x86.ActiveCfg = Release|x86
		{5B7A95A5-E7B1-4AEB-A9D0-669FF5171624}.Ad-Hoc|x86.Build.0 = Release|x86
		{5B7A95A5-E7B1-4AEB-A9D0-669FF5171624}.Ad-Hoc|x86.Deploy.0 = Release|x86
		{5B7A95A5-E7B1-4AEB-A9D0-669FF5171624}.AppStore|Any CPU.ActiveCfg = Release|Any CPU
		{5B7A95A5-E7B1-4AEB-A9D0-669FF5171624}.AppStore|Any CPU.Build.0 = Release|Any CPU
		{5B7A95A5-E7B1-4AEB-A9D0-669FF5171624}.AppStore|Any CPU.Deploy.0 = Release|Any CPU
		{5B7A95A5-E7B1-4AEB-A9D0-669FF5171624}.AppStore|ARM.ActiveCfg = Release|ARM
		{5B7A95A5-E7B1-4AEB-A9D0-669FF5171624}.AppStore|ARM.Build.0 = Release|ARM
		{5B7A95A5-E7B1-4AEB-A9D0-669FF5171624}.AppStore|ARM.Deploy.0 = Release|ARM
		{5B7A95A5-E7B1-4AEB-A9D0-669FF5171624}.AppStore|iPhone.ActiveCfg = Release|Any CPU
		{5B7A95A5-E7B1-4AEB-A9D0-669FF5171624}.AppStore|iPhone.Build.0 = Release|Any CPU
		{5B7A95A5-E7B1-4AEB-A9D0-669FF5171624}.AppStore|iPhone.Deploy.0 = Release|Any CPU
		{5B7A95A5-E7B1-4AEB-A9D0-669FF5171624}.AppStore|iPhoneSimulator.ActiveCfg = Release|Any CPU
		{5B7A95A5-E7B1-4AEB-A9D0-669FF5171624}.AppStore|iPhoneSimulator.Build.0 = Release|Any CPU
		{5B7A95A5-E7B1-4AEB-A9D0-669FF5171624}.AppStore|iPhoneSimulator.Deploy.0 = Release|Any CPU
		{5B7A95A5-E7B1-4AEB-A9D0-669FF5171624}.AppStore|x64.ActiveCfg = Release|Any CPU
		{5B7A95A5-E7B1-4AEB-A9D0-669FF5171624}.AppStore|x64.Build.0 = Release|Any CPU
		{5B7A95A5-E7B1-4AEB-A9D0-669FF5171624}.AppStore|x64.Deploy.0 = Release|Any CPU
		{5B7A95A5-E7B1-4AEB-A9D0-669FF5171624}.AppStore|x86.ActiveCfg = Release|x86
		{5B7A95A5-E7B1-4AEB-A9D0-669FF5171624}.AppStore|x86.Build.0 = Release|x86
		{5B7A95A5-E7B1-4AEB-A9D0-669FF5171624}.AppStore|x86.Deploy.0 = Release|x86
		{5B7A95A5-E7B1-4AEB-A9D0-669FF5171624}.Debug|Any CPU.ActiveCfg = Debug|Any CPU
		{5B7A95A5-E7B1-4AEB-A9D0-669FF5171624}.Debug|Any CPU.Build.0 = Debug|Any CPU
		{5B7A95A5-E7B1-4AEB-A9D0-669FF5171624}.Debug|Any CPU.Deploy.0 = Debug|Any CPU
		{5B7A95A5-E7B1-4AEB-A9D0-669FF5171624}.Debug|ARM.ActiveCfg = Debug|ARM
		{5B7A95A5-E7B1-4AEB-A9D0-669FF5171624}.Debug|ARM.Build.0 = Debug|ARM
		{5B7A95A5-E7B1-4AEB-A9D0-669FF5171624}.Debug|ARM.Deploy.0 = Debug|ARM
		{5B7A95A5-E7B1-4AEB-A9D0-669FF5171624}.Debug|iPhone.ActiveCfg = Debug|Any CPU
		{5B7A95A5-E7B1-4AEB-A9D0-669FF5171624}.Debug|iPhone.Build.0 = Debug|Any CPU
		{5B7A95A5-E7B1-4AEB-A9D0-669FF5171624}.Debug|iPhone.Deploy.0 = Debug|Any CPU
		{5B7A95A5-E7B1-4AEB-A9D0-669FF5171624}.Debug|iPhoneSimulator.ActiveCfg = Debug|Any CPU
		{5B7A95A5-E7B1-4AEB-A9D0-669FF5171624}.Debug|iPhoneSimulator.Build.0 = Debug|Any CPU
		{5B7A95A5-E7B1-4AEB-A9D0-669FF5171624}.Debug|iPhoneSimulator.Deploy.0 = Debug|Any CPU
		{5B7A95A5-E7B1-4AEB-A9D0-669FF5171624}.Debug|x64.ActiveCfg = Debug|Any CPU
		{5B7A95A5-E7B1-4AEB-A9D0-669FF5171624}.Debug|x64.Build.0 = Debug|Any CPU
		{5B7A95A5-E7B1-4AEB-A9D0-669FF5171624}.Debug|x64.Deploy.0 = Debug|Any CPU
		{5B7A95A5-E7B1-4AEB-A9D0-669FF5171624}.Debug|x86.ActiveCfg = Debug|x86
		{5B7A95A5-E7B1-4AEB-A9D0-669FF5171624}.Debug|x86.Build.0 = Debug|x86
		{5B7A95A5-E7B1-4AEB-A9D0-669FF5171624}.Debug|x86.Deploy.0 = Debug|x86
		{5B7A95A5-E7B1-4AEB-A9D0-669FF5171624}.Release|Any CPU.ActiveCfg = Release|Any CPU
		{5B7A95A5-E7B1-4AEB-A9D0-669FF5171624}.Release|Any CPU.Build.0 = Release|Any CPU
		{5B7A95A5-E7B1-4AEB-A9D0-669FF5171624}.Release|Any CPU.Deploy.0 = Release|Any CPU
		{5B7A95A5-E7B1-4AEB-A9D0-669FF5171624}.Release|ARM.ActiveCfg = Release|ARM
		{5B7A95A5-E7B1-4AEB-A9D0-669FF5171624}.Release|ARM.Build.0 = Release|ARM
		{5B7A95A5-E7B1-4AEB-A9D0-669FF5171624}.Release|ARM.Deploy.0 = Release|ARM
		{5B7A95A5-E7B1-4AEB-A9D0-669FF5171624}.Release|iPhone.ActiveCfg = Release|Any CPU
		{5B7A95A5-E7B1-4AEB-A9D0-669FF5171624}.Release|iPhone.Build.0 = Release|Any CPU
		{5B7A95A5-E7B1-4AEB-A9D0-669FF5171624}.Release|iPhone.Deploy.0 = Release|Any CPU
		{5B7A95A5-E7B1-4AEB-A9D0-669FF5171624}.Release|iPhoneSimulator.ActiveCfg = Release|Any CPU
		{5B7A95A5-E7B1-4AEB-A9D0-669FF5171624}.Release|iPhoneSimulator.Build.0 = Release|Any CPU
		{5B7A95A5-E7B1-4AEB-A9D0-669FF5171624}.Release|iPhoneSimulator.Deploy.0 = Release|Any CPU
		{5B7A95A5-E7B1-4AEB-A9D0-669FF5171624}.Release|x64.ActiveCfg = Release|Any CPU
		{5B7A95A5-E7B1-4AEB-A9D0-669FF5171624}.Release|x64.Build.0 = Release|Any CPU
		{5B7A95A5-E7B1-4AEB-A9D0-669FF5171624}.Release|x64.Deploy.0 = Release|Any CPU
		{5B7A95A5-E7B1-4AEB-A9D0-669FF5171624}.Release|x86.ActiveCfg = Release|x86
		{5B7A95A5-E7B1-4AEB-A9D0-669FF5171624}.Release|x86.Build.0 = Release|x86
		{5B7A95A5-E7B1-4AEB-A9D0-669FF5171624}.Release|x86.Deploy.0 = Release|x86
		{6F1D85DA-2B5D-48DE-B1CA-73ABA6493990}.Ad-Hoc|Any CPU.ActiveCfg = Release|x86
		{6F1D85DA-2B5D-48DE-B1CA-73ABA6493990}.Ad-Hoc|Any CPU.Build.0 = Release|x86
		{6F1D85DA-2B5D-48DE-B1CA-73ABA6493990}.Ad-Hoc|Any CPU.Deploy.0 = Release|x86
		{6F1D85DA-2B5D-48DE-B1CA-73ABA6493990}.Ad-Hoc|ARM.ActiveCfg = Release|ARM
		{6F1D85DA-2B5D-48DE-B1CA-73ABA6493990}.Ad-Hoc|ARM.Build.0 = Release|ARM
		{6F1D85DA-2B5D-48DE-B1CA-73ABA6493990}.Ad-Hoc|ARM.Deploy.0 = Release|ARM
		{6F1D85DA-2B5D-48DE-B1CA-73ABA6493990}.Ad-Hoc|iPhone.ActiveCfg = Release|x86
		{6F1D85DA-2B5D-48DE-B1CA-73ABA6493990}.Ad-Hoc|iPhone.Build.0 = Release|x86
		{6F1D85DA-2B5D-48DE-B1CA-73ABA6493990}.Ad-Hoc|iPhone.Deploy.0 = Release|x86
		{6F1D85DA-2B5D-48DE-B1CA-73ABA6493990}.Ad-Hoc|iPhoneSimulator.ActiveCfg = Release|x86
		{6F1D85DA-2B5D-48DE-B1CA-73ABA6493990}.Ad-Hoc|iPhoneSimulator.Build.0 = Release|x86
		{6F1D85DA-2B5D-48DE-B1CA-73ABA6493990}.Ad-Hoc|iPhoneSimulator.Deploy.0 = Release|x86
		{6F1D85DA-2B5D-48DE-B1CA-73ABA6493990}.Ad-Hoc|x64.ActiveCfg = Release|x64
		{6F1D85DA-2B5D-48DE-B1CA-73ABA6493990}.Ad-Hoc|x64.Build.0 = Release|x64
		{6F1D85DA-2B5D-48DE-B1CA-73ABA6493990}.Ad-Hoc|x64.Deploy.0 = Release|x64
		{6F1D85DA-2B5D-48DE-B1CA-73ABA6493990}.Ad-Hoc|x86.ActiveCfg = Release|x86
		{6F1D85DA-2B5D-48DE-B1CA-73ABA6493990}.Ad-Hoc|x86.Build.0 = Release|x86
		{6F1D85DA-2B5D-48DE-B1CA-73ABA6493990}.Ad-Hoc|x86.Deploy.0 = Release|x86
		{6F1D85DA-2B5D-48DE-B1CA-73ABA6493990}.AppStore|Any CPU.ActiveCfg = Release|x86
		{6F1D85DA-2B5D-48DE-B1CA-73ABA6493990}.AppStore|Any CPU.Build.0 = Release|x86
		{6F1D85DA-2B5D-48DE-B1CA-73ABA6493990}.AppStore|Any CPU.Deploy.0 = Release|x86
		{6F1D85DA-2B5D-48DE-B1CA-73ABA6493990}.AppStore|ARM.ActiveCfg = Release|ARM
		{6F1D85DA-2B5D-48DE-B1CA-73ABA6493990}.AppStore|ARM.Build.0 = Release|ARM
		{6F1D85DA-2B5D-48DE-B1CA-73ABA6493990}.AppStore|ARM.Deploy.0 = Release|ARM
		{6F1D85DA-2B5D-48DE-B1CA-73ABA6493990}.AppStore|iPhone.ActiveCfg = Release|x86
		{6F1D85DA-2B5D-48DE-B1CA-73ABA6493990}.AppStore|iPhone.Build.0 = Release|x86
		{6F1D85DA-2B5D-48DE-B1CA-73ABA6493990}.AppStore|iPhone.Deploy.0 = Release|x86
		{6F1D85DA-2B5D-48DE-B1CA-73ABA6493990}.AppStore|iPhoneSimulator.ActiveCfg = Release|x86
		{6F1D85DA-2B5D-48DE-B1CA-73ABA6493990}.AppStore|iPhoneSimulator.Build.0 = Release|x86
		{6F1D85DA-2B5D-48DE-B1CA-73ABA6493990}.AppStore|iPhoneSimulator.Deploy.0 = Release|x86
		{6F1D85DA-2B5D-48DE-B1CA-73ABA6493990}.AppStore|x64.ActiveCfg = Release|x64
		{6F1D85DA-2B5D-48DE-B1CA-73ABA6493990}.AppStore|x64.Build.0 = Release|x64
		{6F1D85DA-2B5D-48DE-B1CA-73ABA6493990}.AppStore|x64.Deploy.0 = Release|x64
		{6F1D85DA-2B5D-48DE-B1CA-73ABA6493990}.AppStore|x86.ActiveCfg = Release|x86
		{6F1D85DA-2B5D-48DE-B1CA-73ABA6493990}.AppStore|x86.Build.0 = Release|x86
		{6F1D85DA-2B5D-48DE-B1CA-73ABA6493990}.AppStore|x86.Deploy.0 = Release|x86
		{6F1D85DA-2B5D-48DE-B1CA-73ABA6493990}.Debug|Any CPU.ActiveCfg = Debug|x86
		{6F1D85DA-2B5D-48DE-B1CA-73ABA6493990}.Debug|ARM.ActiveCfg = Debug|ARM
		{6F1D85DA-2B5D-48DE-B1CA-73ABA6493990}.Debug|ARM.Build.0 = Debug|ARM
		{6F1D85DA-2B5D-48DE-B1CA-73ABA6493990}.Debug|ARM.Deploy.0 = Debug|ARM
		{6F1D85DA-2B5D-48DE-B1CA-73ABA6493990}.Debug|iPhone.ActiveCfg = Debug|x86
		{6F1D85DA-2B5D-48DE-B1CA-73ABA6493990}.Debug|iPhoneSimulator.ActiveCfg = Debug|x86
		{6F1D85DA-2B5D-48DE-B1CA-73ABA6493990}.Debug|x64.ActiveCfg = Debug|x64
		{6F1D85DA-2B5D-48DE-B1CA-73ABA6493990}.Debug|x64.Build.0 = Debug|x64
		{6F1D85DA-2B5D-48DE-B1CA-73ABA6493990}.Debug|x64.Deploy.0 = Debug|x64
		{6F1D85DA-2B5D-48DE-B1CA-73ABA6493990}.Debug|x86.ActiveCfg = Debug|x86
		{6F1D85DA-2B5D-48DE-B1CA-73ABA6493990}.Debug|x86.Build.0 = Debug|x86
		{6F1D85DA-2B5D-48DE-B1CA-73ABA6493990}.Debug|x86.Deploy.0 = Debug|x86
		{6F1D85DA-2B5D-48DE-B1CA-73ABA6493990}.Release|Any CPU.ActiveCfg = Release|x86
		{6F1D85DA-2B5D-48DE-B1CA-73ABA6493990}.Release|ARM.ActiveCfg = Release|ARM
		{6F1D85DA-2B5D-48DE-B1CA-73ABA6493990}.Release|ARM.Build.0 = Release|ARM
		{6F1D85DA-2B5D-48DE-B1CA-73ABA6493990}.Release|ARM.Deploy.0 = Release|ARM
		{6F1D85DA-2B5D-48DE-B1CA-73ABA6493990}.Release|iPhone.ActiveCfg = Release|x86
		{6F1D85DA-2B5D-48DE-B1CA-73ABA6493990}.Release|iPhoneSimulator.ActiveCfg = Release|x86
		{6F1D85DA-2B5D-48DE-B1CA-73ABA6493990}.Release|x64.ActiveCfg = Release|x64
		{6F1D85DA-2B5D-48DE-B1CA-73ABA6493990}.Release|x64.Build.0 = Release|x64
		{6F1D85DA-2B5D-48DE-B1CA-73ABA6493990}.Release|x64.Deploy.0 = Release|x64
		{6F1D85DA-2B5D-48DE-B1CA-73ABA6493990}.Release|x86.ActiveCfg = Release|x86
		{6F1D85DA-2B5D-48DE-B1CA-73ABA6493990}.Release|x86.Build.0 = Release|x86
		{6F1D85DA-2B5D-48DE-B1CA-73ABA6493990}.Release|x86.Deploy.0 = Release|x86
		{F989607F-A809-4668-B326-AE4CAB51DD04}.Ad-Hoc|Any CPU.ActiveCfg = Release|Any CPU
		{F989607F-A809-4668-B326-AE4CAB51DD04}.Ad-Hoc|Any CPU.Build.0 = Release|Any CPU
		{F989607F-A809-4668-B326-AE4CAB51DD04}.Ad-Hoc|Any CPU.Deploy.0 = Release|Any CPU
		{F989607F-A809-4668-B326-AE4CAB51DD04}.Ad-Hoc|ARM.ActiveCfg = Release|ARM
		{F989607F-A809-4668-B326-AE4CAB51DD04}.Ad-Hoc|ARM.Build.0 = Release|ARM
		{F989607F-A809-4668-B326-AE4CAB51DD04}.Ad-Hoc|ARM.Deploy.0 = Release|ARM
		{F989607F-A809-4668-B326-AE4CAB51DD04}.Ad-Hoc|iPhone.ActiveCfg = Release|Any CPU
		{F989607F-A809-4668-B326-AE4CAB51DD04}.Ad-Hoc|iPhone.Build.0 = Release|Any CPU
		{F989607F-A809-4668-B326-AE4CAB51DD04}.Ad-Hoc|iPhone.Deploy.0 = Release|Any CPU
		{F989607F-A809-4668-B326-AE4CAB51DD04}.Ad-Hoc|iPhoneSimulator.ActiveCfg = Release|Any CPU
		{F989607F-A809-4668-B326-AE4CAB51DD04}.Ad-Hoc|iPhoneSimulator.Build.0 = Release|Any CPU
		{F989607F-A809-4668-B326-AE4CAB51DD04}.Ad-Hoc|iPhoneSimulator.Deploy.0 = Release|Any CPU
		{F989607F-A809-4668-B326-AE4CAB51DD04}.Ad-Hoc|x64.ActiveCfg = Release|x64
		{F989607F-A809-4668-B326-AE4CAB51DD04}.Ad-Hoc|x64.Build.0 = Release|x64
		{F989607F-A809-4668-B326-AE4CAB51DD04}.Ad-Hoc|x64.Deploy.0 = Release|x64
		{F989607F-A809-4668-B326-AE4CAB51DD04}.Ad-Hoc|x86.ActiveCfg = Release|x86
		{F989607F-A809-4668-B326-AE4CAB51DD04}.Ad-Hoc|x86.Build.0 = Release|x86
		{F989607F-A809-4668-B326-AE4CAB51DD04}.Ad-Hoc|x86.Deploy.0 = Release|x86
		{F989607F-A809-4668-B326-AE4CAB51DD04}.AppStore|Any CPU.ActiveCfg = Release|Any CPU
		{F989607F-A809-4668-B326-AE4CAB51DD04}.AppStore|Any CPU.Build.0 = Release|Any CPU
		{F989607F-A809-4668-B326-AE4CAB51DD04}.AppStore|Any CPU.Deploy.0 = Release|Any CPU
		{F989607F-A809-4668-B326-AE4CAB51DD04}.AppStore|ARM.ActiveCfg = Release|ARM
		{F989607F-A809-4668-B326-AE4CAB51DD04}.AppStore|ARM.Build.0 = Release|ARM
		{F989607F-A809-4668-B326-AE4CAB51DD04}.AppStore|ARM.Deploy.0 = Release|ARM
		{F989607F-A809-4668-B326-AE4CAB51DD04}.AppStore|iPhone.ActiveCfg = Release|Any CPU
		{F989607F-A809-4668-B326-AE4CAB51DD04}.AppStore|iPhone.Build.0 = Release|Any CPU
		{F989607F-A809-4668-B326-AE4CAB51DD04}.AppStore|iPhone.Deploy.0 = Release|Any CPU
		{F989607F-A809-4668-B326-AE4CAB51DD04}.AppStore|iPhoneSimulator.ActiveCfg = Release|Any CPU
		{F989607F-A809-4668-B326-AE4CAB51DD04}.AppStore|iPhoneSimulator.Build.0 = Release|Any CPU
		{F989607F-A809-4668-B326-AE4CAB51DD04}.AppStore|iPhoneSimulator.Deploy.0 = Release|Any CPU
		{F989607F-A809-4668-B326-AE4CAB51DD04}.AppStore|x64.ActiveCfg = Release|x64
		{F989607F-A809-4668-B326-AE4CAB51DD04}.AppStore|x64.Build.0 = Release|x64
		{F989607F-A809-4668-B326-AE4CAB51DD04}.AppStore|x64.Deploy.0 = Release|x64
		{F989607F-A809-4668-B326-AE4CAB51DD04}.AppStore|x86.ActiveCfg = Release|x86
		{F989607F-A809-4668-B326-AE4CAB51DD04}.AppStore|x86.Build.0 = Release|x86
		{F989607F-A809-4668-B326-AE4CAB51DD04}.AppStore|x86.Deploy.0 = Release|x86
		{F989607F-A809-4668-B326-AE4CAB51DD04}.Debug|Any CPU.ActiveCfg = Debug|Any CPU
		{F989607F-A809-4668-B326-AE4CAB51DD04}.Debug|Any CPU.Build.0 = Debug|Any CPU
		{F989607F-A809-4668-B326-AE4CAB51DD04}.Debug|Any CPU.Deploy.0 = Debug|Any CPU
		{F989607F-A809-4668-B326-AE4CAB51DD04}.Debug|ARM.ActiveCfg = Debug|ARM
		{F989607F-A809-4668-B326-AE4CAB51DD04}.Debug|ARM.Build.0 = Debug|ARM
		{F989607F-A809-4668-B326-AE4CAB51DD04}.Debug|ARM.Deploy.0 = Debug|ARM
		{F989607F-A809-4668-B326-AE4CAB51DD04}.Debug|iPhone.ActiveCfg = Debug|Any CPU
		{F989607F-A809-4668-B326-AE4CAB51DD04}.Debug|iPhone.Build.0 = Debug|Any CPU
		{F989607F-A809-4668-B326-AE4CAB51DD04}.Debug|iPhone.Deploy.0 = Debug|Any CPU
		{F989607F-A809-4668-B326-AE4CAB51DD04}.Debug|iPhoneSimulator.ActiveCfg = Debug|Any CPU
		{F989607F-A809-4668-B326-AE4CAB51DD04}.Debug|iPhoneSimulator.Build.0 = Debug|Any CPU
		{F989607F-A809-4668-B326-AE4CAB51DD04}.Debug|iPhoneSimulator.Deploy.0 = Debug|Any CPU
		{F989607F-A809-4668-B326-AE4CAB51DD04}.Debug|x64.ActiveCfg = Debug|x64
		{F989607F-A809-4668-B326-AE4CAB51DD04}.Debug|x64.Build.0 = Debug|x64
		{F989607F-A809-4668-B326-AE4CAB51DD04}.Debug|x64.Deploy.0 = Debug|x64
		{F989607F-A809-4668-B326-AE4CAB51DD04}.Debug|x86.ActiveCfg = Debug|x86
		{F989607F-A809-4668-B326-AE4CAB51DD04}.Debug|x86.Build.0 = Debug|x86
		{F989607F-A809-4668-B326-AE4CAB51DD04}.Debug|x86.Deploy.0 = Debug|x86
		{F989607F-A809-4668-B326-AE4CAB51DD04}.Release|Any CPU.ActiveCfg = Release|Any CPU
		{F989607F-A809-4668-B326-AE4CAB51DD04}.Release|Any CPU.Build.0 = Release|Any CPU
		{F989607F-A809-4668-B326-AE4CAB51DD04}.Release|Any CPU.Deploy.0 = Release|Any CPU
		{F989607F-A809-4668-B326-AE4CAB51DD04}.Release|ARM.ActiveCfg = Release|ARM
		{F989607F-A809-4668-B326-AE4CAB51DD04}.Release|ARM.Build.0 = Release|ARM
		{F989607F-A809-4668-B326-AE4CAB51DD04}.Release|ARM.Deploy.0 = Release|ARM
		{F989607F-A809-4668-B326-AE4CAB51DD04}.Release|iPhone.ActiveCfg = Release|Any CPU
		{F989607F-A809-4668-B326-AE4CAB51DD04}.Release|iPhone.Build.0 = Release|Any CPU
		{F989607F-A809-4668-B326-AE4CAB51DD04}.Release|iPhone.Deploy.0 = Release|Any CPU
		{F989607F-A809-4668-B326-AE4CAB51DD04}.Release|iPhoneSimulator.ActiveCfg = Release|Any CPU
		{F989607F-A809-4668-B326-AE4CAB51DD04}.Release|iPhoneSimulator.Build.0 = Release|Any CPU
		{F989607F-A809-4668-B326-AE4CAB51DD04}.Release|iPhoneSimulator.Deploy.0 = Release|Any CPU
		{F989607F-A809-4668-B326-AE4CAB51DD04}.Release|x64.ActiveCfg = Release|x64
		{F989607F-A809-4668-B326-AE4CAB51DD04}.Release|x64.Build.0 = Release|x64
		{F989607F-A809-4668-B326-AE4CAB51DD04}.Release|x64.Deploy.0 = Release|x64
		{F989607F-A809-4668-B326-AE4CAB51DD04}.Release|x86.ActiveCfg = Release|x86
		{F989607F-A809-4668-B326-AE4CAB51DD04}.Release|x86.Build.0 = Release|x86
		{F989607F-A809-4668-B326-AE4CAB51DD04}.Release|x86.Deploy.0 = Release|x86
	EndGlobalSection
	GlobalSection(SolutionProperties) = preSolution
		HideSolutionNode = FALSE
	EndGlobalSection
EndGlobal
